
Microsoft Visual Studio Solution File, Format Version 12.00
# Visual Studio Version 17
VisualStudioVersion = 17.0.32014.148
MinimumVisualStudioVersion = 10.0.40219.1
Project("{FAE04EC0-301F-11D3-BF4B-00C04F79EFBC}") = "WindowsServiceDemo", "WindowsServiceDemo\WindowsServiceDemo.csproj", "{DAD1A019-1B04-4B65-A77F-EEE289AFD0FD}"
EndProject
Global
	GlobalSection(SolutionConfigurationPlatforms) = preSolution
		Debug|Any CPU = Debug|Any CPU
		Release|Any CPU = Release|Any CPU
	EndGlobalSection
	GlobalSection(ProjectConfigurationPlatforms) = postSolution
		{DAD1A019-1B04-4B65-A77F-EEE289AFD0FD}.Debug|Any CPU.ActiveCfg = Debug|Any CPU
		{DAD1A019-1B04-4B65-A77F-EEE289AFD0FD}.Debug|Any CPU.Build.0 = Debug|Any CPU
		{DAD1A019-1B04-4B65-A77F-EEE289AFD0FD}.Release|Any CPU.ActiveCfg = Release|Any CPU
		{DAD1A019-1B04-4B65-A77F-EEE289AFD0FD}.Release|Any CPU.Build.0 = Release|Any CPU
	EndGlobalSection
	GlobalSection(SolutionProperties) = preSolution
		HideSolutionNode = FALSE
	EndGlobalSection
	GlobalSection(ExtensibilityGlobals) = postSolution
		SolutionGuid = {D466C53D-C203-4104-AD53-4DF6F1C9F0AF}
	EndGlobalSection
EndGlobal
